
Microsoft Visual Studio Solution File, Format Version 12.00
# Visual Studio 15
Project("{FAE04EC0-301F-11D3-BF4B-00C04F79EFBC}") = "ListViewSamples.iOS", "ListViewSamples.iOS\ListViewSamples.iOS.csproj", "{E8D0D3FD-36C6-4A51-9691-2290191CA3C1}"
EndProject
Project("{FAE04EC0-301F-11D3-BF4B-00C04F79EFBC}") = "ListViewSamples", "ListViewSamples\ListViewSamples.csproj", "{5BD76F0D-88FA-4D0E-8E2B-2788FB191D05}"
EndProject
Global
	GlobalSection(SolutionConfigurationPlatforms) = preSolution
		Debug|iPhoneSimulator = Debug|iPhoneSimulator
		Release|iPhoneSimulator = Release|iPhoneSimulator
		Debug|iPhone = Debug|iPhone
		Release|iPhone = Release|iPhone
		Debug|Any CPU = Debug|Any CPU
		Release|Any CPU = Release|Any CPU
	EndGlobalSection
	GlobalSection(ProjectConfigurationPlatforms) = postSolution
		{E8D0D3FD-36C6-4A51-9691-2290191CA3C1}.Debug|iPhoneSimulator.ActiveCfg = Debug|iPhoneSimulator
		{E8D0D3FD-36C6-4A51-9691-2290191CA3C1}.Debug|iPhoneSimulator.Build.0 = Debug|iPhoneSimulator
		{E8D0D3FD-36C6-4A51-9691-2290191CA3C1}.Release|iPhoneSimulator.ActiveCfg = Release|iPhoneSimulator
		{E8D0D3FD-36C6-4A51-9691-2290191CA3C1}.Release|iPhoneSimulator.Build.0 = Release|iPhoneSimulator
		{E8D0D3FD-36C6-4A51-9691-2290191CA3C1}.Debug|iPhone.ActiveCfg = Debug|iPhone
		{E8D0D3FD-36C6-4A51-9691-2290191CA3C1}.Debug|iPhone.Build.0 = Debug|iPhone
		{E8D0D3FD-36C6-4A51-9691-2290191CA3C1}.Release|iPhone.ActiveCfg = Release|iPhone
		{E8D0D3FD-36C6-4A51-9691-2290191CA3C1}.Release|iPhone.Build.0 = Release|iPhone
		{E8D0D3FD-36C6-4A51-9691-2290191CA3C1}.Debug|Any CPU.ActiveCfg = Debug|iPhoneSimulator
		{E8D0D3FD-36C6-4A51-9691-2290191CA3C1}.Debug|Any CPU.Build.0 = Debug|iPhoneSimulator
		{E8D0D3FD-36C6-4A51-9691-2290191CA3C1}.Release|Any CPU.ActiveCfg = Release|iPhoneSimulator
		{E8D0D3FD-36C6-4A51-9691-2290191CA3C1}.Release|Any CPU.Build.0 = Release|iPhoneSimulator
		{5BD76F0D-88FA-4D0E-8E2B-2788FB191D05}.Debug|iPhoneSimulator.ActiveCfg = Debug|Any CPU
		{5BD76F0D-88FA-4D0E-8E2B-2788FB191D05}.Debug|iPhoneSimulator.Build.0 = Debug|Any CPU
		{5BD76F0D-88FA-4D0E-8E2B-2788FB191D05}.Release|iPhoneSimulator.ActiveCfg = Release|Any CPU
		{5BD76F0D-88FA-4D0E-8E2B-2788FB191D05}.Release|iPhoneSimulator.Build.0 = Release|Any CPU
		{5BD76F0D-88FA-4D0E-8E2B-2788FB191D05}.Debug|iPhone.ActiveCfg = Debug|Any CPU
		{5BD76F0D-88FA-4D0E-8E2B-2788FB191D05}.Debug|iPhone.Build.0 = Debug|Any CPU
		{5BD76F0D-88FA-4D0E-8E2B-2788FB191D05}.Release|iPhone.ActiveCfg = Release|Any CPU
		{5BD76F0D-88FA-4D0E-8E2B-2788FB191D05}.Release|iPhone.Build.0 = Release|Any CPU
		{5BD76F0D-88FA-4D0E-8E2B-2788FB191D05}.Debug|Any CPU.ActiveCfg = Debug|Any CPU
		{5BD76F0D-88FA-4D0E-8E2B-2788FB191D05}.Debug|Any CPU.Build.0 = Debug|Any CPU
		{5BD76F0D-88FA-4D0E-8E2B-2788FB191D05}.Release|Any CPU.ActiveCfg = Release|Any CPU
		{5BD76F0D-88FA-4D0E-8E2B-2788FB191D05}.Release|Any CPU.Build.0 = Release|Any CPU
	EndGlobalSection
EndGlobal
